
Microsoft Visual Studio Solution File, Format Version 12.00
# Visual Studio Version 17
VisualStudioVersion = 17.7.34018.315
MinimumVisualStudioVersion = 10.0.40219.1
Project("{FAE04EC0-301F-11D3-BF4B-00C04F79EFBC}") = "CustomTicketManagementSystem", "CustomTicketManagementSystem\CustomTicketManagementSystem.csproj", "{241E5593-FF9E-4B40-A3E7-08CF067684FF}"
EndProject
Global
	GlobalSection(SolutionConfigurationPlatforms) = preSolution
		Debug|Any CPU = Debug|Any CPU
		Release|Any CPU = Release|Any CPU
	EndGlobalSection
	GlobalSection(ProjectConfigurationPlatforms) = postSolution
		{241E5593-FF9E-4B40-A3E7-08CF067684FF}.Debug|Any CPU.ActiveCfg = Debug|Any CPU
		{241E5593-FF9E-4B40-A3E7-08CF067684FF}.Debug|Any CPU.Build.0 = Debug|Any CPU
		{241E5593-FF9E-4B40-A3E7-08CF067684FF}.Release|Any CPU.ActiveCfg = Release|Any CPU
		{241E5593-FF9E-4B40-A3E7-08CF067684FF}.Release|Any CPU.Build.0 = Release|Any CPU
	EndGlobalSection
	GlobalSection(SolutionProperties) = preSolution
		HideSolutionNode = FALSE
	EndGlobalSection
	GlobalSection(ExtensibilityGlobals) = postSolution
		SolutionGuid = {57BD55C6-FE42-4432-ABA2-3B911E5ECCE0}
	EndGlobalSection
EndGlobal
